// !$*UTF8*$!
{
	archiveVersion = 1;
	classes = {
	};
	objectVersion = 56;
	objects = {

/* Begin PBXBuildFile section */
		811E563A2A0CED5C00A7C888 /* AppDelegate.swift in Sources */ = {isa = PBXBuildFile; fileRef = 811E56392A0CED5C00A7C888 /* AppDelegate.swift */; };
		811E563C2A0CED5C00A7C888 /* ContentView.swift in Sources */ = {isa = PBXBuildFile; fileRef = 811E563B2A0CED5C00A7C888 /* ContentView.swift */; };
		811E563E2A0CED5C00A7C888 /* Experience.rcproject in Sources */ = {isa = PBXBuildFile; fileRef = 811E563D2A0CED5C00A7C888 /* Experience.rcproject */; };
		811E56402A0CED5D00A7C888 /* Assets.xcassets in Resources */ = {isa = PBXBuildFile; fileRef = 811E563F2A0CED5D00A7C888 /* Assets.xcassets */; };
		811E56432A0CED5D00A7C888 /* Preview Assets.xcassets in Resources */ = {isa = PBXBuildFile; fileRef = 811E56422A0CED5D00A7C888 /* Preview Assets.xcassets */; };
		811E564D2A0CED5E00A7C888 /* ARFeatureOutdoorRaceTests.swift in Sources */ = {isa = PBXBuildFile; fileRef = 811E564C2A0CED5E00A7C888 /* ARFeatureOutdoorRaceTests.swift */; };
		811E56572A0CED5E00A7C888 /* ARFeatureOutdoorRaceUITests.swift in Sources */ = {isa = PBXBuildFile; fileRef = 811E56562A0CED5E00A7C888 /* ARFeatureOutdoorRaceUITests.swift */; };
		811E56592A0CED5E00A7C888 /* ARFeatureOutdoorRaceUITestsLaunchTests.swift in Sources */ = {isa = PBXBuildFile; fileRef = 811E56582A0CED5E00A7C888 /* ARFeatureOutdoorRaceUITestsLaunchTests.swift */; };
/* End PBXBuildFile section */

/* Begin PBXContainerItemProxy section */
		811E56492A0CED5E00A7C888 /* PBXContainerItemProxy */ = {
			isa = PBXContainerItemProxy;
			containerPortal = 811E562E2A0CED5C00A7C888 /* Project object */;
			proxyType = 1;
			remoteGlobalIDString = 811E56352A0CED5C00A7C888;
			remoteInfo = ARFeatureOutdoorRace;
		};
		811E56532A0CED5E00A7C888 /* PBXContainerItemProxy */ = {
			isa = PBXContainerItemProxy;
			containerPortal = 811E562E2A0CED5C00A7C888 /* Project object */;
			proxyType = 1;
			remoteGlobalIDString = 811E56352A0CED5C00A7C888;
			remoteInfo = ARFeatureOutdoorRace;
		};
/* End PBXContainerItemProxy section */

/* Begin PBXFileReference section */
		811E56362A0CED5C00A7C888 /* ARFeatureOutdoorRace.app */ = {isa = PBXFileReference; explicitFileType = wrapper.application; includeInIndex = 0; path = ARFeatureOutdoorRace.app; sourceTree = BUILT_PRODUCTS_DIR; };
		811E56392A0CED5C00A7C888 /* AppDelegate.swift */ = {isa = PBXFileReference; lastKnownFileType = sourcecode.swift; path = AppDelegate.swift; sourceTree = "<group>"; };
		811E563B2A0CED5C00A7C888 /* ContentView.swift */ = {isa = PBXFileReference; lastKnownFileType = sourcecode.swift; path = ContentView.swift; sourceTree = "<group>"; };
		811E563D2A0CED5C00A7C888 /* Experience.rcproject */ = {isa = PBXFileReference; lastKnownFileType = file.rcproject; path = Experience.rcproject; sourceTree = "<group>"; };
		811E563F2A0CED5D00A7C888 /* Assets.xcassets */ = {isa = PBXFileReference; lastKnownFileType = folder.assetcatalog; path = Assets.xcassets; sourceTree = "<group>"; };
		811E56422A0CED5D00A7C888 /* Preview Assets.xcassets */ = {isa = PBXFileReference; lastKnownFileType = folder.assetcatalog; path = "Preview Assets.xcassets"; sourceTree = "<group>"; };
		811E56482A0CED5E00A7C888 /* ARFeatureOutdoorRaceTests.xctest */ = {isa = PBXFileReference; explicitFileType = wrapper.cfbundle; includeInIndex = 0; path = ARFeatureOutdoorRaceTests.xctest; sourceTree = BUILT_PRODUCTS_DIR; };
		811E564C2A0CED5E00A7C888 /* ARFeatureOutdoorRaceTests.swift */ = {isa = PBXFileReference; lastKnownFileType = sourcecode.swift; path = ARFeatureOutdoorRaceTests.swift; sourceTree = "<group>"; };
		811E56522A0CED5E00A7C888 /* ARFeatureOutdoorRaceUITests.xctest */ = {isa = PBXFileReference; explicitFileType = wrapper.cfbundle; includeInIndex = 0; path = ARFeatureOutdoorRaceUITests.xctest; sourceTree = BUILT_PRODUCTS_DIR; };
		811E56562A0CED5E00A7C888 /* ARFeatureOutdoorRaceUITests.swift */ = {isa = PBXFileReference; lastKnownFileType = sourcecode.swift; path = ARFeatureOutdoorRaceUITests.swift; sourceTree = "<group>"; };
		811E56582A0CED5E00A7C888 /* ARFeatureOutdoorRaceUITestsLaunchTests.swift */ = {isa = PBXFileReference; lastKnownFileType = sourcecode.swift; path = ARFeatureOutdoorRaceUITestsLaunchTests.swift; sourceTree = "<group>"; };
/* End PBXFileReference section */

/* Begin PBXFrameworksBuildPhase section */
		811E56332A0CED5C00A7C888 /* Frameworks */ = {
			isa = PBXFrameworksBuildPhase;
			buildActionMask = 2147483647;
			files = (
			);
			runOnlyForDeploymentPostprocessing = 0;
		};
		811E56452A0CED5E00A7C888 /* Frameworks */ = {
			isa = PBXFrameworksBuildPhase;
			buildActionMask = 2147483647;
			files = (
			);
			runOnlyForDeploymentPostprocessing = 0;
		};
		811E564F2A0CED5E00A7C888 /* Frameworks */ = {
			isa = PBXFrameworksBuildPhase;
			buildActionMask = 2147483647;
			files = (
			);
			runOnlyForDeploymentPostprocessing = 0;
		};
/* End PBXFrameworksBuildPhase section */

/* Begin PBXGroup section */
		811E562D2A0CED5C00A7C888 = {
			isa = PBXGroup;
			children = (
				811E56382A0CED5C00A7C888 /* ARFeatureOutdoorRace */,
				811E564B2A0CED5E00A7C888 /* ARFeatureOutdoorRaceTests */,
				811E56552A0CED5E00A7C888 /* ARFeatureOutdoorRaceUITests */,
				811E56372A0CED5C00A7C888 /* Products */,
			);
			sourceTree = "<group>";
		};
		811E56372A0CED5C00A7C888 /* Products */ = {
			isa = PBXGroup;
			children = (
				811E56362A0CED5C00A7C888 /* ARFeatureOutdoorRace.app */,
				811E56482A0CED5E00A7C888 /* ARFeatureOutdoorRaceTests.xctest */,
				811E56522A0CED5E00A7C888 /* ARFeatureOutdoorRaceUITests.xctest */,
			);
			name = Products;
			sourceTree = "<group>";
		};
		811E56382A0CED5C00A7C888 /* ARFeatureOutdoorRace */ = {
			isa = PBXGroup;
			children = (
				811E56392A0CED5C00A7C888 /* AppDelegate.swift */,
				811E563B2A0CED5C00A7C888 /* ContentView.swift */,
				811E563D2A0CED5C00A7C888 /* Experience.rcproject */,
				811E563F2A0CED5D00A7C888 /* Assets.xcassets */,
				811E56412A0CED5D00A7C888 /* Preview Content */,
			);
			path = ARFeatureOutdoorRace;
			sourceTree = "<group>";
		};
		811E56412A0CED5D00A7C888 /* Preview Content */ = {
			isa = PBXGroup;
			children = (
				811E56422A0CED5D00A7C888 /* Preview Assets.xcassets */,
			);
			path = "Preview Content";
			sourceTree = "<group>";
		};
		811E564B2A0CED5E00A7C888 /* ARFeatureOutdoorRaceTests */ = {
			isa = PBXGroup;
			children = (
				811E564C2A0CED5E00A7C888 /* ARFeatureOutdoorRaceTests.swift */,
			);
			path = ARFeatureOutdoorRaceTests;
			sourceTree = "<group>";
		};
		811E56552A0CED5E00A7C888 /* ARFeatureOutdoorRaceUITests */ = {
			isa = PBXGroup;
			children = (
				811E56562A0CED5E00A7C888 /* ARFeatureOutdoorRaceUITests.swift */,
				811E56582A0CED5E00A7C888 /* ARFeatureOutdoorRaceUITestsLaunchTests.swift */,
			);
			path = ARFeatureOutdoorRaceUITests;
			sourceTree = "<group>";
		};
/* End PBXGroup section */

/* Begin PBXNativeTarget section */
		811E56352A0CED5C00A7C888 /* ARFeatureOutdoorRace */ = {
			isa = PBXNativeTarget;
			buildConfigurationList = 811E565C2A0CED5E00A7C888 /* Build configuration list for PBXNativeTarget "ARFeatureOutdoorRace" */;
			buildPhases = (
				811E56322A0CED5C00A7C888 /* Sources */,
				811E56332A0CED5C00A7C888 /* Frameworks */,
				811E56342A0CED5C00A7C888 /* Resources */,
			);
			buildRules = (
			);
			dependencies = (
			);
			name = ARFeatureOutdoorRace;
			productName = ARFeatureOutdoorRace;
			productReference = 811E56362A0CED5C00A7C888 /* ARFeatureOutdoorRace.app */;
			productType = "com.apple.product-type.application";
		};
		811E56472A0CED5E00A7C888 /* ARFeatureOutdoorRaceTests */ = {
			isa = PBXNativeTarget;
			buildConfigurationList = 811E565F2A0CED5E00A7C888 /* Build configuration list for PBXNativeTarget "ARFeatureOutdoorRaceTests" */;
			buildPhases = (
				811E56442A0CED5E00A7C888 /* Sources */,
				811E56452A0CED5E00A7C888 /* Frameworks */,
				811E56462A0CED5E00A7C888 /* Resources */,
			);
			buildRules = (
			);
			dependencies = (
				811E564A2A0CED5E00A7C888 /* PBXTargetDependency */,
			);
			name = ARFeatureOutdoorRaceTests;
			productName = ARFeatureOutdoorRaceTests;
			productReference = 811E56482A0CED5E00A7C888 /* ARFeatureOutdoorRaceTests.xctest */;
			productType = "com.apple.product-type.bundle.unit-test";
		};
		811E56512A0CED5E00A7C888 /* ARFeatureOutdoorRaceUITests */ = {
			isa = PBXNativeTarget;
			buildConfigurationList = 811E56622A0CED5E00A7C888 /* Build configuration list for PBXNativeTarget "ARFeatureOutdoorRaceUITests" */;
			buildPhases = (
				811E564E2A0CED5E00A7C888 /* Sources */,
				811E564F2A0CED5E00A7C888 /* Frameworks */,
				811E56502A0CED5E00A7C888 /* Resources */,
			);
			buildRules = (
			);
			dependencies = (
				811E56542A0CED5E00A7C888 /* PBXTargetDependency */,
			);
			name = ARFeatureOutdoorRaceUITests;
			productName = ARFeatureOutdoorRaceUITests;
			productReference = 811E56522A0CED5E00A7C888 /* ARFeatureOutdoorRaceUITests.xctest */;
			productType = "com.apple.product-type.bundle.ui-testing";
		};
/* End PBXNativeTarget section */

/* Begin PBXProject section */
		811E562E2A0CED5C00A7C888 /* Project object */ = {
			isa = PBXProject;
			attributes = {
				BuildIndependentTargetsInParallel = 1;
				LastSwiftUpdateCheck = 1430;
				LastUpgradeCheck = 1430;
				TargetAttributes = {
					811E56352A0CED5C00A7C888 = {
						CreatedOnToolsVersion = 14.3;
					};
					811E56472A0CED5E00A7C888 = {
						CreatedOnToolsVersion = 14.3;
						TestTargetID = 811E56352A0CED5C00A7C888;
					};
					811E56512A0CED5E00A7C888 = {
						CreatedOnToolsVersion = 14.3;
						TestTargetID = 811E56352A0CED5C00A7C888;
					};
				};
			};
			buildConfigurationList = 811E56312A0CED5C00A7C888 /* Build configuration list for PBXProject "ARFeatureOutdoorRace" */;
			compatibilityVersion = "Xcode 14.0";
			developmentRegion = en;
			hasScannedForEncodings = 0;
			knownRegions = (
				en,
				Base,
			);
			mainGroup = 811E562D2A0CED5C00A7C888;
			productRefGroup = 811E56372A0CED5C00A7C888 /* Products */;
			projectDirPath = "";
			projectRoot = "";
			targets = (
				811E56352A0CED5C00A7C888 /* ARFeatureOutdoorRace */,
				811E56472A0CED5E00A7C888 /* ARFeatureOutdoorRaceTests */,
				811E56512A0CED5E00A7C888 /* ARFeatureOutdoorRaceUITests */,
			);
		};
/* End PBXProject section */

/* Begin PBXResourcesBuildPhase section */
		811E56342A0CED5C00A7C888 /* Resources */ = {
			isa = PBXResourcesBuildPhase;
			buildActionMask = 2147483647;
			files = (
				811E56432A0CED5D00A7C888 /* Preview Assets.xcassets in Resources */,
				811E56402A0CED5D00A7C888 /* Assets.xcassets in Resources */,
			);
			runOnlyForDeploymentPostprocessing = 0;
		};
		811E56462A0CED5E00A7C888 /* Resources */ = {
			isa = PBXResourcesBuildPhase;
			buildActionMask = 2147483647;
			files = (
			);
			runOnlyForDeploymentPostprocessing = 0;
		};
		811E56502A0CED5E00A7C888 /* Resources */ = {
			isa = PBXResourcesBuildPhase;
			buildActionMask = 2147483647;
			files = (
			);
			runOnlyForDeploymentPostprocessing = 0;
		};
/* End PBXResourcesBuildPhase section */

/* Begin PBXSourcesBuildPhase section */
		811E56322A0CED5C00A7C888 /* Sources */ = {
			isa = PBXSourcesBuildPhase;
			buildActionMask = 2147483647;
			files = (
				811E563C2A0CED5C00A7C888 /* ContentView.swift in Sources */,
				811E563A2A0CED5C00A7C888 /* AppDelegate.swift in Sources */,
				811E563E2A0CED5C00A7C888 /* Experience.rcproject in Sources */,
			);
			runOnlyForDeploymentPostprocessing = 0;
		};
		811E56442A0CED5E00A7C888 /* Sources */ = {
			isa = PBXSourcesBuildPhase;
			buildActionMask = 2147483647;
			files = (
				811E564D2A0CED5E00A7C888 /* ARFeatureOutdoorRaceTests.swift in Sources */,
			);
			runOnlyForDeploymentPostprocessing = 0;
		};
		811E564E2A0CED5E00A7C888 /* Sources */ = {
			isa = PBXSourcesBuildPhase;
			buildActionMask = 2147483647;
			files = (
				811E56592A0CED5E00A7C888 /* ARFeatureOutdoorRaceUITestsLaunchTests.swift in Sources */,
				811E56572A0CED5E00A7C888 /* ARFeatureOutdoorRaceUITests.swift in Sources */,
			);
			runOnlyForDeploymentPostprocessing = 0;
		};
/* End PBXSourcesBuildPhase section */

/* Begin PBXTargetDependency section */
		811E564A2A0CED5E00A7C888 /* PBXTargetDependency */ = {
			isa = PBXTargetDependency;
			target = 811E56352A0CED5C00A7C888 /* ARFeatureOutdoorRace */;
			targetProxy = 811E56492A0CED5E00A7C888 /* PBXContainerItemProxy */;
		};
		811E56542A0CED5E00A7C888 /* PBXTargetDependency */ = {
			isa = PBXTargetDependency;
			target = 811E56352A0CED5C00A7C888 /* ARFeatureOutdoorRace */;
			targetProxy = 811E56532A0CED5E00A7C888 /* PBXContainerItemProxy */;
		};
/* End PBXTargetDependency section */

/* Begin XCBuildConfiguration section */
		811E565A2A0CED5E00A7C888 /* Debug */ = {
			isa = XCBuildConfiguration;
			buildSettings = {
				ALWAYS_SEARCH_USER_PATHS = NO;
				CLANG_ANALYZER_NONNULL = YES;
				CLANG_ANALYZER_NUMBER_OBJECT_CONVERSION = YES_AGGRESSIVE;
				CLANG_CXX_LANGUAGE_STANDARD = "gnu++20";
				CLANG_ENABLE_MODULES = YES;
				CLANG_ENABLE_OBJC_ARC = YES;
				CLANG_ENABLE_OBJC_WEAK = YES;
				CLANG_WARN_BLOCK_CAPTURE_AUTORELEASING = YES;
				CLANG_WARN_BOOL_CONVERSION = YES;
				CLANG_WARN_COMMA = YES;
				CLANG_WARN_CONSTANT_CONVERSION = YES;
				CLANG_WARN_DEPRECATED_OBJC_IMPLEMENTATIONS = YES;
				CLANG_WARN_DIRECT_OBJC_ISA_USAGE = YES_ERROR;
				CLANG_WARN_DOCUMENTATION_COMMENTS = YES;
				CLANG_WARN_EMPTY_BODY = YES;
				CLANG_WARN_ENUM_CONVERSION = YES;
				CLANG_WARN_INFINITE_RECURSION = YES;
				CLANG_WARN_INT_CONVERSION = YES;
				CLANG_WARN_NON_LITERAL_NULL_CONVERSION = YES;
				CLANG_WARN_OBJC_IMPLICIT_RETAIN_SELF = YES;
				CLANG_WARN_OBJC_LITERAL_CONVERSION = YES;
				CLANG_WARN_OBJC_ROOT_CLASS = YES_ERROR;
				CLANG_WARN_QUOTED_INCLUDE_IN_FRAMEWORK_HEADER = YES;
				CLANG_WARN_RANGE_LOOP_ANALYSIS = YES;
				CLANG_WARN_STRICT_PROTOTYPES = YES;
				CLANG_WARN_SUSPICIOUS_MOVE = YES;
				CLANG_WARN_UNGUARDED_AVAILABILITY = YES_AGGRESSIVE;
				CLANG_WARN_UNREACHABLE_CODE = YES;
				CLANG_WARN__DUPLICATE_METHOD_MATCH = YES;
				COPY_PHASE_STRIP = NO;
				DEBUG_INFORMATION_FORMAT = dwarf;
				ENABLE_STRICT_OBJC_MSGSEND = YES;
				ENABLE_TESTABILITY = YES;
				GCC_C_LANGUAGE_STANDARD = gnu11;
				GCC_DYNAMIC_NO_PIC = NO;
				GCC_NO_COMMON_BLOCKS = YES;
				GCC_OPTIMIZATION_LEVEL = 0;
				GCC_PREPROCESSOR_DEFINITIONS = (
					"DEBUG=1",
					"$(inherited)",
				);
				GCC_WARN_64_TO_32_BIT_CONVERSION = YES;
				GCC_WARN_ABOUT_RETURN_TYPE = YES_ERROR;
				GCC_WARN_UNDECLARED_SELECTOR = YES;
				GCC_WARN_UNINITIALIZED_AUTOS = YES_AGGRESSIVE;
				GCC_WARN_UNUSED_FUNCTION = YES;
				GCC_WARN_UNUSED_VARIABLE = YES;
				IPHONEOS_DEPLOYMENT_TARGET = 16.4;
				MTL_ENABLE_DEBUG_INFO = INCLUDE_SOURCE;
				MTL_FAST_MATH = YES;
				ONLY_ACTIVE_ARCH = YES;
				SDKROOT = iphoneos;
				SWIFT_ACTIVE_COMPILATION_CONDITIONS = DEBUG;
				SWIFT_OPTIMIZATION_LEVEL = "-Onone";
			};
			name = Debug;
		};
		811E565B2A0CED5E00A7C888 /* Release */ = {
			isa = XCBuildConfiguration;
			buildSettings = {
				ALWAYS_SEARCH_USER_PATHS = NO;
				CLANG_ANALYZER_NONNULL = YES;
				CLANG_ANALYZER_NUMBER_OBJECT_CONVERSION = YES_AGGRESSIVE;
				CLANG_CXX_LANGUAGE_STANDARD = "gnu++20";
				CLANG_ENABLE_MODULES = YES;
				CLANG_ENABLE_OBJC_ARC = YES;
				CLANG_ENABLE_OBJC_WEAK = YES;
				CLANG_WARN_BLOCK_CAPTURE_AUTORELEASING = YES;
				CLANG_WARN_BOOL_CONVERSION = YES;
				CLANG_WARN_COMMA = YES;
				CLANG_WARN_CONSTANT_CONVERSION = YES;
				CLANG_WARN_DEPRECATED_OBJC_IMPLEMENTATIONS = YES;
				CLANG_WARN_DIRECT_OBJC_ISA_USAGE = YES_ERROR;
				CLANG_WARN_DOCUMENTATION_COMMENTS = YES;
				CLANG_WARN_EMPTY_BODY = YES;
				CLANG_WARN_ENUM_CONVERSION = YES;
				CLANG_WARN_INFINITE_RECURSION = YES;
				CLANG_WARN_INT_CONVERSION = YES;
				CLANG_WARN_NON_LITERAL_NULL_CONVERSION = YES;
				CLANG_WARN_OBJC_IMPLICIT_RETAIN_SELF = YES;
				CLANG_WARN_OBJC_LITERAL_CONVERSION = YES;
				CLANG_WARN_OBJC_ROOT_CLASS = YES_ERROR;
				CLANG_WARN_QUOTED_INCLUDE_IN_FRAMEWORK_HEADER = YES;
				CLANG_WARN_RANGE_LOOP_ANALYSIS = YES;
				CLANG_WARN_STRICT_PROTOTYPES = YES;
				CLANG_WARN_SUSPICIOUS_MOVE = YES;
				CLANG_WARN_UNGUARDED_AVAILABILITY = YES_AGGRESSIVE;
				CLANG_WARN_UNREACHABLE_CODE = YES;
				CLANG_WARN__DUPLICATE_METHOD_MATCH = YES;
				COPY_PHASE_STRIP = NO;
				DEBUG_INFORMATION_FORMAT = "dwarf-with-dsym";
				ENABLE_NS_ASSERTIONS = NO;
				ENABLE_STRICT_OBJC_MSGSEND = YES;
				GCC_C_LANGUAGE_STANDARD = gnu11;
				GCC_NO_COMMON_BLOCKS = YES;
				GCC_WARN_64_TO_32_BIT_CONVERSION = YES;
				GCC_WARN_ABOUT_RETURN_TYPE = YES_ERROR;
				GCC_WARN_UNDECLARED_SELECTOR = YES;
				GCC_WARN_UNINITIALIZED_AUTOS = YES_AGGRESSIVE;
				GCC_WARN_UNUSED_FUNCTION = YES;
				GCC_WARN_UNUSED_VARIABLE = YES;
				IPHONEOS_DEPLOYMENT_TARGET = 16.4;
				MTL_ENABLE_DEBUG_INFO = NO;
				MTL_FAST_MATH = YES;
				SDKROOT = iphoneos;
				SWIFT_COMPILATION_MODE = wholemodule;
				SWIFT_OPTIMIZATION_LEVEL = "-O";
				VALIDATE_PRODUCT = YES;
			};
			name = Release;
		};
		811E565D2A0CED5E00A7C888 /* Debug */ = {
			isa = XCBuildConfiguration;
			buildSettings = {
				ASSETCATALOG_COMPILER_APPICON_NAME = AppIcon;
				ASSETCATALOG_COMPILER_GLOBAL_ACCENT_COLOR_NAME = AccentColor;
				CODE_SIGN_STYLE = Automatic;
				CURRENT_PROJECT_VERSION = 1;
				DEVELOPMENT_ASSET_PATHS = "\"ARFeatureOutdoorRace/Preview Content\"";
				DEVELOPMENT_TEAM = R9XJ622U85;
				ENABLE_PREVIEWS = YES;
				GENERATE_INFOPLIST_FILE = YES;
				INFOPLIST_KEY_NSCameraUsageDescription = "";
				INFOPLIST_KEY_UIApplicationSupportsIndirectInputEvents = YES;
				INFOPLIST_KEY_UILaunchScreen_Generation = YES;
				INFOPLIST_KEY_UIRequiredDeviceCapabilities = arkit;
				INFOPLIST_KEY_UIStatusBarHidden = YES;
				INFOPLIST_KEY_UISupportedInterfaceOrientations_iPad = "UIInterfaceOrientationPortrait UIInterfaceOrientationPortraitUpsideDown UIInterfaceOrientationLandscapeLeft UIInterfaceOrientationLandscapeRight";
				INFOPLIST_KEY_UISupportedInterfaceOrientations_iPhone = "UIInterfaceOrientationPortrait UIInterfaceOrientationLandscapeLeft UIInterfaceOrientationLandscapeRight";
				LD_RUNPATH_SEARCH_PATHS = (
					"$(inherited)",
					"@executable_path/Frameworks",
				);
				MARKETING_VERSION = 1.0;
				PRODUCT_BUNDLE_IDENTIFIER = "nl.bulles.MKODA--nl.bulles.MKODA--nl.bulles.MKODA--nl.bulles.MKODA--nl.bulles.MKODA";
				PRODUCT_NAME = "$(TARGET_NAME)";
				SWIFT_EMIT_LOC_STRINGS = YES;
				SWIFT_VERSION = 5.0;
				TARGETED_DEVICE_FAMILY = "1,2";
			};
			name = Debug;
		};
		811E565E2A0CED5E00A7C888 /* Release */ = {
			isa = XCBuildConfiguration;
			buildSettings = {
				ASSETCATALOG_COMPILER_APPICON_NAME = AppIcon;
				ASSETCATALOG_COMPILER_GLOBAL_ACCENT_COLOR_NAME = AccentColor;
				CODE_SIGN_STYLE = Automatic;
				CURRENT_PROJECT_VERSION = 1;
				DEVELOPMENT_ASSET_PATHS = "\"ARFeatureOutdoorRace/Preview Content\"";
				DEVELOPMENT_TEAM = R9XJ622U85;
				ENABLE_PREVIEWS = YES;
				GENERATE_INFOPLIST_FILE = YES;
				INFOPLIST_KEY_NSCameraUsageDescription = "";
				INFOPLIST_KEY_UIApplicationSupportsIndirectInputEvents = YES;
				INFOPLIST_KEY_UILaunchScreen_Generation = YES;
				INFOPLIST_KEY_UIRequiredDeviceCapabilities = arkit;
				INFOPLIST_KEY_UIStatusBarHidden = YES;
				INFOPLIST_KEY_UISupportedInterfaceOrientations_iPad = "UIInterfaceOrientationPortrait UIInterfaceOrientationPortraitUpsideDown UIInterfaceOrientationLandscapeLeft UIInterfaceOrientationLandscapeRight";
				INFOPLIST_KEY_UISupportedInterfaceOrientations_iPhone = "UIInterfaceOrientationPortrait UIInterfaceOrientationLandscapeLeft UIInterfaceOrientationLandscapeRight";
				LD_RUNPATH_SEARCH_PATHS = (
					"$(inherited)",
					"@executable_path/Frameworks",
				);
				MARKETING_VERSION = 1.0;
				PRODUCT_BUNDLE_IDENTIFIER = "nl.bulles.MKODA--nl.bulles.MKODA--nl.bulles.MKODA--nl.bulles.MKODA--nl.bulles.MKODA";
				PRODUCT_NAME = "$(TARGET_NAME)";
				SWIFT_EMIT_LOC_STRINGS = YES;
				SWIFT_VERSION = 5.0;
				TARGETED_DEVICE_FAMILY = "1,2";
			};
			name = Release;
		};
		811E56602A0CED5E00A7C888 /* Debug */ = {
			isa = XCBuildConfiguration;
			buildSettings = {
				ALWAYS_EMBED_SWIFT_STANDARD_LIBRARIES = YES;
				BUNDLE_LOADER = "$(TEST_HOST)";
				CODE_SIGN_STYLE = Automatic;
				CURRENT_PROJECT_VERSION = 1;
				DEVELOPMENT_TEAM = 5DC9DV33K3;
				GENERATE_INFOPLIST_FILE = YES;
				IPHONEOS_DEPLOYMENT_TARGET = 16.4;
				MARKETING_VERSION = 1.0;
				PRODUCT_BUNDLE_IDENTIFIER = com.lucabulless.ASM.ARFeatureOutdoorRaceTests;
				PRODUCT_NAME = "$(TARGET_NAME)";
				SWIFT_EMIT_LOC_STRINGS = NO;
				SWIFT_VERSION = 5.0;
				TARGETED_DEVICE_FAMILY = "1,2";
				TEST_HOST = "$(BUILT_PRODUCTS_DIR)/ARFeatureOutdoorRace.app/$(BUNDLE_EXECUTABLE_FOLDER_PATH)/ARFeatureOutdoorRace";
			};
			name = Debug;
		};
		811E56612A0CED5E00A7C888 /* Release */ = {
			isa = XCBuildConfiguration;
			buildSettings = {
				ALWAYS_EMBED_SWIFT_STANDARD_LIBRARIES = YES;
				BUNDLE_LOADER = "$(TEST_HOST)";
				CODE_SIGN_STYLE = Automatic;
				CURRENT_PROJECT_VERSION = 1;
				DEVELOPMENT_TEAM = 5DC9DV33K3;
				GENERATE_INFOPLIST_FILE = YES;
				IPHONEOS_DEPLOYMENT_TARGET = 16.4;
				MARKETING_VERSION = 1.0;
				PRODUCT_BUNDLE_IDENTIFIER = com.lucabulless.ASM.ARFeatureOutdoorRaceTests;
				PRODUCT_NAME = "$(TARGET_NAME)";
				SWIFT_EMIT_LOC_STRINGS = NO;
				SWIFT_VERSION = 5.0;
				TARGETED_DEVICE_FAMILY = "1,2";
				TEST_HOST = "$(BUILT_PRODUCTS_DIR)/ARFeatureOutdoorRace.app/$(BUNDLE_EXECUTABLE_FOLDER_PATH)/ARFeatureOutdoorRace";
			};
			name = Release;
		};
		811E56632A0CED5E00A7C888 /* Debug */ = {
			isa = XCBuildConfiguration;
			buildSettings = {
				ALWAYS_EMBED_SWIFT_STANDARD_LIBRARIES = YES;
				CODE_SIGN_STYLE = Automatic;
				CURRENT_PROJECT_VERSION = 1;
				DEVELOPMENT_TEAM = 5DC9DV33K3;
				GENERATE_INFOPLIST_FILE = YES;
				MARKETING_VERSION = 1.0;
				PRODUCT_BUNDLE_IDENTIFIER = com.lucabulless.ASM.ARFeatureOutdoorRaceUITests;
				PRODUCT_NAME = "$(TARGET_NAME)";
				SWIFT_EMIT_LOC_STRINGS = NO;
				SWIFT_VERSION = 5.0;
				TARGETED_DEVICE_FAMILY = "1,2";
				TEST_TARGET_NAME = ARFeatureOutdoorRace;
			};
			name = Debug;
		};
		811E56642A0CED5E00A7C888 /* Release */ = {
			isa = XCBuildConfiguration;
			buildSettings = {
				ALWAYS_EMBED_SWIFT_STANDARD_LIBRARIES = YES;
				CODE_SIGN_STYLE = Automatic;
				CURRENT_PROJECT_VERSION = 1;
				DEVELOPMENT_TEAM = 5DC9DV33K3;
				GENERATE_INFOPLIST_FILE = YES;
				MARKETING_VERSION = 1.0;
				PRODUCT_BUNDLE_IDENTIFIER = com.lucabulless.ASM.ARFeatureOutdoorRaceUITests;
				PRODUCT_NAME = "$(TARGET_NAME)";
				SWIFT_EMIT_LOC_STRINGS = NO;
				SWIFT_VERSION = 5.0;
				TARGETED_DEVICE_FAMILY = "1,2";
				TEST_TARGET_NAME = ARFeatureOutdoorRace;
			};
			name = Release;
		};
/* End XCBuildConfiguration section */

/* Begin XCConfigurationList section */
		811E56312A0CED5C00A7C888 /* Build configuration list for PBXProject "ARFeatureOutdoorRace" */ = {
			isa = XCConfigurationList;
			buildConfigurations = (
				811E565A2A0CED5E00A7C888 /* Debug */,
				811E565B2A0CED5E00A7C888 /* Release */,
			);
			defaultConfigurationIsVisible = 0;
			defaultConfigurationName = Release;
		};
		811E565C2A0CED5E00A7C888 /* Build configuration list for PBXNativeTarget "ARFeatureOutdoorRace" */ = {
			isa = XCConfigurationList;
			buildConfigurations = (
				811E565D2A0CED5E00A7C888 /* Debug */,
				811E565E2A0CED5E00A7C888 /* Release */,
			);
			defaultConfigurationIsVisible = 0;
			defaultConfigurationName = Release;
		};
		811E565F2A0CED5E00A7C888 /* Build configuration list for PBXNativeTarget "ARFeatureOutdoorRaceTests" */ = {
			isa = XCConfigurationList;
			buildConfigurations = (
				811E56602A0CED5E00A7C888 /* Debug */,
				811E56612A0CED5E00A7C888 /* Release */,
			);
			defaultConfigurationIsVisible = 0;
			defaultConfigurationName = Release;
		};
		811E56622A0CED5E00A7C888 /* Build configuration list for PBXNativeTarget "ARFeatureOutdoorRaceUITests" */ = {
			isa = XCConfigurationList;
			buildConfigurations = (
				811E56632A0CED5E00A7C888 /* Debug */,
				811E56642A0CED5E00A7C888 /* Release */,
			);
			defaultConfigurationIsVisible = 0;
			defaultConfigurationName = Release;
		};
/* End XCConfigurationList section */
	};
	rootObject = 811E562E2A0CED5C00A7C888 /* Project object */;
}
